// !$*UTF8*$!
{
	archiveVersion = 1;
	classes = {
	};
	objectVersion = 46;
	objects = {

/* Begin PBXBuildFile section */
		3670BBC0308A1067362F7440 /* libPods-QQLLiveCommentView.a in Frameworks */ = {isa = PBXBuildFile; fileRef = 6D21B1F193AD83D45AACD869 /* libPods-QQLLiveCommentView.a */; };
		40EEA70480D0A8FF0244667D /* libPods-QQLLiveCommentViewUITests.a in Frameworks */ = {isa = PBXBuildFile; fileRef = E1FCD1D63B7FAEAB8C70AB87 /* libPods-QQLLiveCommentViewUITests.a */; };
		7C026BC782EDEB896572B737 /* libPods-QQLLiveCommentViewTests.a in Frameworks */ = {isa = PBXBuildFile; fileRef = 7F40670AC8E3EB8524294B15 /* libPods-QQLLiveCommentViewTests.a */; };
		B56959BA1CE57CA000AA60A9 /* main.m in Sources */ = {isa = PBXBuildFile; fileRef = B56959B91CE57CA000AA60A9 /* main.m */; };
		B56959BD1CE57CA000AA60A9 /* AppDelegate.m in Sources */ = {isa = PBXBuildFile; fileRef = B56959BC1CE57CA000AA60A9 /* AppDelegate.m */; };
		B56959C01CE57CA000AA60A9 /* ViewController.m in Sources */ = {isa = PBXBuildFile; fileRef = B56959BF1CE57CA000AA60A9 /* ViewController.m */; };
		B56959C31CE57CA000AA60A9 /* Main.storyboard in Resources */ = {isa = PBXBuildFile; fileRef = B56959C11CE57CA000AA60A9 /* Main.storyboard */; };
		B56959C51CE57CA000AA60A9 /* Assets.xcassets in Resources */ = {isa = PBXBuildFile; fileRef = B56959C41CE57CA000AA60A9 /* Assets.xcassets */; };
		B56959C81CE57CA000AA60A9 /* LaunchScreen.storyboard in Resources */ = {isa = PBXBuildFile; fileRef = B56959C61CE57CA000AA60A9 /* LaunchScreen.storyboard */; };
		B56959D31CE57CA000AA60A9 /* QQLLiveCommentViewTests.m in Sources */ = {isa = PBXBuildFile; fileRef = B56959D21CE57CA000AA60A9 /* QQLLiveCommentViewTests.m */; };
		B56959DE1CE57CA000AA60A9 /* QQLLiveCommentViewUITests.m in Sources */ = {isa = PBXBuildFile; fileRef = B56959DD1CE57CA000AA60A9 /* QQLLiveCommentViewUITests.m */; };
		B56959F91CE5A14900AA60A9 /* twitterProfile.jpeg in Resources */ = {isa = PBXBuildFile; fileRef = B56959F81CE5A14900AA60A9 /* twitterProfile.jpeg */; };
/* End PBXBuildFile section */

/* Begin PBXContainerItemProxy section */
		B56959CF1CE57CA000AA60A9 /* PBXContainerItemProxy */ = {
			isa = PBXContainerItemProxy;
			containerPortal = B56959AD1CE57CA000AA60A9 /* Project object */;
			proxyType = 1;
			remoteGlobalIDString = B56959B41CE57CA000AA60A9;
			remoteInfo = QQLLiveCommentView;
		};
		B56959DA1CE57CA000AA60A9 /* PBXContainerItemProxy */ = {
			isa = PBXContainerItemProxy;
			containerPortal = B56959AD1CE57CA000AA60A9 /* Project object */;
			proxyType = 1;
			remoteGlobalIDString = B56959B41CE57CA000AA60A9;
			remoteInfo = QQLLiveCommentView;
		};
/* End PBXContainerItemProxy section */

/* Begin PBXFileReference section */
		1EE4526756B8CCCF8BA1288D /* Pods-QQLLiveCommentViewTests.debug.xcconfig */ = {isa = PBXFileReference; includeInIndex = 1; lastKnownFileType = text.xcconfig; name = "Pods-QQLLiveCommentViewTests.debug.xcconfig"; path = "Pods/Target Support Files/Pods-QQLLiveCommentViewTests/Pods-QQLLiveCommentViewTests.debug.xcconfig"; sourceTree = "<group>"; };
		42EEFCCEF6AC19781372013C /* Pods-QQLLiveCommentViewUITests.release.xcconfig */ = {isa = PBXFileReference; includeInIndex = 1; lastKnownFileType = text.xcconfig; name = "Pods-QQLLiveCommentViewUITests.release.xcconfig"; path = "Pods/Target Support Files/Pods-QQLLiveCommentViewUITests/Pods-QQLLiveCommentViewUITests.release.xcconfig"; sourceTree = "<group>"; };
		51B604A4CC50BFD0761AB345 /* Pods-QQLLiveCommentViewTests.release.xcconfig */ = {isa = PBXFileReference; includeInIndex = 1; lastKnownFileType = text.xcconfig; name = "Pods-QQLLiveCommentViewTests.release.xcconfig"; path = "Pods/Target Support Files/Pods-QQLLiveCommentViewTests/Pods-QQLLiveCommentViewTests.release.xcconfig"; sourceTree = "<group>"; };
		6D21B1F193AD83D45AACD869 /* libPods-QQLLiveCommentView.a */ = {isa = PBXFileReference; explicitFileType = archive.ar; includeInIndex = 0; path = "libPods-QQLLiveCommentView.a"; sourceTree = BUILT_PRODUCTS_DIR; };
		7F40670AC8E3EB8524294B15 /* libPods-QQLLiveCommentViewTests.a */ = {isa = PBXFileReference; explicitFileType = archive.ar; includeInIndex = 0; path = "libPods-QQLLiveCommentViewTests.a"; sourceTree = BUILT_PRODUCTS_DIR; };
		B56959B51CE57CA000AA60A9 /* QQLLiveCommentView.app */ = {isa = PBXFileReference; explicitFileType = wrapper.application; includeInIndex = 0; path = QQLLiveCommentView.app; sourceTree = BUILT_PRODUCTS_DIR; };
		B56959B91CE57CA000AA60A9 /* main.m */ = {isa = PBXFileReference; lastKnownFileType = sourcecode.c.objc; path = main.m; sourceTree = "<group>"; };
		B56959BB1CE57CA000AA60A9 /* AppDelegate.h */ = {isa = PBXFileReference; lastKnownFileType = sourcecode.c.h; path = AppDelegate.h; sourceTree = "<group>"; };
		B56959BC1CE57CA000AA60A9 /* AppDelegate.m */ = {isa = PBXFileReference; lastKnownFileType = sourcecode.c.objc; path = AppDelegate.m; sourceTree = "<group>"; };
		B56959BE1CE57CA000AA60A9 /* ViewController.h */ = {isa = PBXFileReference; lastKnownFileType = sourcecode.c.h; path = ViewController.h; sourceTree = "<group>"; };
		B56959BF1CE57CA000AA60A9 /* ViewController.m */ = {isa = PBXFileReference; lastKnownFileType = sourcecode.c.objc; path = ViewController.m; sourceTree = "<group>"; };
		B56959C21CE57CA000AA60A9 /* Base */ = {isa = PBXFileReference; lastKnownFileType = file.storyboard; name = Base; path = Base.lproj/Main.storyboard; sourceTree = "<group>"; };
		B56959C41CE57CA000AA60A9 /* Assets.xcassets */ = {isa = PBXFileReference; lastKnownFileType = folder.assetcatalog; path = Assets.xcassets; sourceTree = "<group>"; };
		B56959C71CE57CA000AA60A9 /* Base */ = {isa = PBXFileReference; lastKnownFileType = file.storyboard; name = Base; path = Base.lproj/LaunchScreen.storyboard; sourceTree = "<group>"; };
		B56959C91CE57CA000AA60A9 /* Info.plist */ = {isa = PBXFileReference; lastKnownFileType = text.plist.xml; path = Info.plist; sourceTree = "<group>"; };
		B56959CE1CE57CA000AA60A9 /* QQLLiveCommentViewTests.xctest */ = {isa = PBXFileReference; explicitFileType = wrapper.cfbundle; includeInIndex = 0; path = QQLLiveCommentViewTests.xctest; sourceTree = BUILT_PRODUCTS_DIR; };
		B56959D21CE57CA000AA60A9 /* QQLLiveCommentViewTests.m */ = {isa = PBXFileReference; lastKnownFileType = sourcecode.c.objc; path = QQLLiveCommentViewTests.m; sourceTree = "<group>"; };
		B56959D41CE57CA000AA60A9 /* Info.plist */ = {isa = PBXFileReference; lastKnownFileType = text.plist.xml; path = Info.plist; sourceTree = "<group>"; };
		B56959D91CE57CA000AA60A9 /* QQLLiveCommentViewUITests.xctest */ = {isa = PBXFileReference; explicitFileType = wrapper.cfbundle; includeInIndex = 0; path = QQLLiveCommentViewUITests.xctest; sourceTree = BUILT_PRODUCTS_DIR; };
		B56959DD1CE57CA000AA60A9 /* QQLLiveCommentViewUITests.m */ = {isa = PBXFileReference; lastKnownFileType = sourcecode.c.objc; path = QQLLiveCommentViewUITests.m; sourceTree = "<group>"; };
		B56959DF1CE57CA000AA60A9 /* Info.plist */ = {isa = PBXFileReference; lastKnownFileType = text.plist.xml; path = Info.plist; sourceTree = "<group>"; };
		B56959F81CE5A14900AA60A9 /* twitterProfile.jpeg */ = {isa = PBXFileReference; lastKnownFileType = image.jpeg; path = twitterProfile.jpeg; sourceTree = "<group>"; };
		BD80E7A55F751AAA8D176719 /* Pods-QQLLiveCommentViewUITests.debug.xcconfig */ = {isa = PBXFileReference; includeInIndex = 1; lastKnownFileType = text.xcconfig; name = "Pods-QQLLiveCommentViewUITests.debug.xcconfig"; path = "Pods/Target Support Files/Pods-QQLLiveCommentViewUITests/Pods-QQLLiveCommentViewUITests.debug.xcconfig"; sourceTree = "<group>"; };
		D7A7645B6B15F7076345876A /* Pods-QQLLiveCommentView.release.xcconfig */ = {isa = PBXFileReference; includeInIndex = 1; lastKnownFileType = text.xcconfig; name = "Pods-QQLLiveCommentView.release.xcconfig"; path = "Pods/Target Support Files/Pods-QQLLiveCommentView/Pods-QQLLiveCommentView.release.xcconfig"; sourceTree = "<group>"; };
		E1FCD1D63B7FAEAB8C70AB87 /* libPods-QQLLiveCommentViewUITests.a */ = {isa = PBXFileReference; explicitFileType = archive.ar; includeInIndex = 0; path = "libPods-QQLLiveCommentViewUITests.a"; sourceTree = BUILT_PRODUCTS_DIR; };
		FF87E3177E603A6D6576F227 /* Pods-QQLLiveCommentView.debug.xcconfig */ = {isa = PBXFileReference; includeInIndex = 1; lastKnownFileType = text.xcconfig; name = "Pods-QQLLiveCommentView.debug.xcconfig"; path = "Pods/Target Support Files/Pods-QQLLiveCommentView/Pods-QQLLiveCommentView.debug.xcconfig"; sourceTree = "<group>"; };
/* End PBXFileReference section */

/* Begin PBXFrameworksBuildPhase section */
		B56959B21CE57CA000AA60A9 /* Frameworks */ = {
			isa = PBXFrameworksBuildPhase;
			buildActionMask = 2147483647;
			files = (
				3670BBC0308A1067362F7440 /* libPods-QQLLiveCommentView.a in Frameworks */,
			);
			runOnlyForDeploymentPostprocessing = 0;
		};
		B56959CB1CE57CA000AA60A9 /* Frameworks */ = {
			isa = PBXFrameworksBuildPhase;
			buildActionMask = 2147483647;
			files = (
				7C026BC782EDEB896572B737 /* libPods-QQLLiveCommentViewTests.a in Frameworks */,
			);
			runOnlyForDeploymentPostprocessing = 0;
		};
		B56959D61CE57CA000AA60A9 /* Frameworks */ = {
			isa = PBXFrameworksBuildPhase;
			buildActionMask = 2147483647;
			files = (
				40EEA70480D0A8FF0244667D /* libPods-QQLLiveCommentViewUITests.a in Frameworks */,
			);
			runOnlyForDeploymentPostprocessing = 0;
		};
/* End PBXFrameworksBuildPhase section */

/* Begin PBXGroup section */
		1712C435E727C021E30974E5 /* Frameworks */ = {
			isa = PBXGroup;
			children = (
				6D21B1F193AD83D45AACD869 /* libPods-QQLLiveCommentView.a */,
				7F40670AC8E3EB8524294B15 /* libPods-QQLLiveCommentViewTests.a */,
				E1FCD1D63B7FAEAB8C70AB87 /* libPods-QQLLiveCommentViewUITests.a */,
			);
			name = Frameworks;
			sourceTree = "<group>";
		};
		1B08AC7826110A277D753A9C /* Pods */ = {
			isa = PBXGroup;
			children = (
				FF87E3177E603A6D6576F227 /* Pods-QQLLiveCommentView.debug.xcconfig */,
				D7A7645B6B15F7076345876A /* Pods-QQLLiveCommentView.release.xcconfig */,
				1EE4526756B8CCCF8BA1288D /* Pods-QQLLiveCommentViewTests.debug.xcconfig */,
				51B604A4CC50BFD0761AB345 /* Pods-QQLLiveCommentViewTests.release.xcconfig */,
				BD80E7A55F751AAA8D176719 /* Pods-QQLLiveCommentViewUITests.debug.xcconfig */,
				42EEFCCEF6AC19781372013C /* Pods-QQLLiveCommentViewUITests.release.xcconfig */,
			);
			name = Pods;
			sourceTree = "<group>";
		};
		B56959AC1CE57CA000AA60A9 = {
			isa = PBXGroup;
			children = (
				B56959B71CE57CA000AA60A9 /* QQLLiveCommentView */,
				B56959D11CE57CA000AA60A9 /* QQLLiveCommentViewTests */,
				B56959DC1CE57CA000AA60A9 /* QQLLiveCommentViewUITests */,
				B56959B61CE57CA000AA60A9 /* Products */,
				1B08AC7826110A277D753A9C /* Pods */,
				1712C435E727C021E30974E5 /* Frameworks */,
			);
			sourceTree = "<group>";
		};
		B56959B61CE57CA000AA60A9 /* Products */ = {
			isa = PBXGroup;
			children = (
				B56959B51CE57CA000AA60A9 /* QQLLiveCommentView.app */,
				B56959CE1CE57CA000AA60A9 /* QQLLiveCommentViewTests.xctest */,
				B56959D91CE57CA000AA60A9 /* QQLLiveCommentViewUITests.xctest */,
			);
			name = Products;
			sourceTree = "<group>";
		};
		B56959B71CE57CA000AA60A9 /* QQLLiveCommentView */ = {
			isa = PBXGroup;
			children = (
				B56959BB1CE57CA000AA60A9 /* AppDelegate.h */,
				B56959BC1CE57CA000AA60A9 /* AppDelegate.m */,
				B56959BE1CE57CA000AA60A9 /* ViewController.h */,
				B56959BF1CE57CA000AA60A9 /* ViewController.m */,
				B56959F81CE5A14900AA60A9 /* twitterProfile.jpeg */,
				B56959C11CE57CA000AA60A9 /* Main.storyboard */,
				B56959C41CE57CA000AA60A9 /* Assets.xcassets */,
				B56959C61CE57CA000AA60A9 /* LaunchScreen.storyboard */,
				B56959C91CE57CA000AA60A9 /* Info.plist */,
				B56959B81CE57CA000AA60A9 /* Supporting Files */,
			);
			path = QQLLiveCommentView;
			sourceTree = "<group>";
		};
		B56959B81CE57CA000AA60A9 /* Supporting Files */ = {
			isa = PBXGroup;
			children = (
				B56959B91CE57CA000AA60A9 /* main.m */,
			);
			name = "Supporting Files";
			sourceTree = "<group>";
		};
		B56959D11CE57CA000AA60A9 /* QQLLiveCommentViewTests */ = {
			isa = PBXGroup;
			children = (
				B56959D21CE57CA000AA60A9 /* QQLLiveCommentViewTests.m */,
				B56959D41CE57CA000AA60A9 /* Info.plist */,
			);
			path = QQLLiveCommentViewTests;
			sourceTree = "<group>";
		};
		B56959DC1CE57CA000AA60A9 /* QQLLiveCommentViewUITests */ = {
			isa = PBXGroup;
			children = (
				B56959DD1CE57CA000AA60A9 /* QQLLiveCommentViewUITests.m */,
				B56959DF1CE57CA000AA60A9 /* Info.plist */,
			);
			path = QQLLiveCommentViewUITests;
			sourceTree = "<group>";
		};
/* End PBXGroup section */

/* Begin PBXNativeTarget section */
		B56959B41CE57CA000AA60A9 /* QQLLiveCommentView */ = {
			isa = PBXNativeTarget;
			buildConfigurationList = B56959E21CE57CA000AA60A9 /* Build configuration list for PBXNativeTarget "QQLLiveCommentView" */;
			buildPhases = (
				46A9121E1B04B06824452AC7 /* 📦 Check Pods Manifest.lock */,
				B56959B11CE57CA000AA60A9 /* Sources */,
				B56959B21CE57CA000AA60A9 /* Frameworks */,
				B56959B31CE57CA000AA60A9 /* Resources */,
				7A76413261D7B5DB8D340603 /* 📦 Embed Pods Frameworks */,
				1B9A18AEFCDF801DCCBD1648 /* 📦 Copy Pods Resources */,
			);
			buildRules = (
			);
			dependencies = (
			);
			name = QQLLiveCommentView;
			productName = QQLLiveCommentView;
			productReference = B56959B51CE57CA000AA60A9 /* QQLLiveCommentView.app */;
			productType = "com.apple.product-type.application";
		};
		B56959CD1CE57CA000AA60A9 /* QQLLiveCommentViewTests */ = {
			isa = PBXNativeTarget;
			buildConfigurationList = B56959E51CE57CA000AA60A9 /* Build configuration list for PBXNativeTarget "QQLLiveCommentViewTests" */;
			buildPhases = (
				C812B72C560205B8AF9AD3DA /* 📦 Check Pods Manifest.lock */,
				B56959CA1CE57CA000AA60A9 /* Sources */,
				B56959CB1CE57CA000AA60A9 /* Frameworks */,
				B56959CC1CE57CA000AA60A9 /* Resources */,
				5443B61841B7A3A555D8D011 /* 📦 Embed Pods Frameworks */,
				D877C1F4BA177D4CE2F592CB /* 📦 Copy Pods Resources */,
			);
			buildRules = (
			);
			dependencies = (
				B56959D01CE57CA000AA60A9 /* PBXTargetDependency */,
			);
			name = QQLLiveCommentViewTests;
			productName = QQLLiveCommentViewTests;
			productReference = B56959CE1CE57CA000AA60A9 /* QQLLiveCommentViewTests.xctest */;
			productType = "com.apple.product-type.bundle.unit-test";
		};
		B56959D81CE57CA000AA60A9 /* QQLLiveCommentViewUITests */ = {
			isa = PBXNativeTarget;
			buildConfigurationList = B56959E81CE57CA000AA60A9 /* Build configuration list for PBXNativeTarget "QQLLiveCommentViewUITests" */;
			buildPhases = (
				97811BC865FF7F57D04F963A /* 📦 Check Pods Manifest.lock */,
				B56959D51CE57CA000AA60A9 /* Sources */,
				B56959D61CE57CA000AA60A9 /* Frameworks */,
				B56959D71CE57CA000AA60A9 /* Resources */,
				B0DDFFC58B2AA6D85DF7E07B /* 📦 Copy Pods Resources */,
			);
			buildRules = (
			);
			dependencies = (
				B56959DB1CE57CA000AA60A9 /* PBXTargetDependency */,
			);
			name = QQLLiveCommentViewUITests;
			productName = QQLLiveCommentViewUITests;
			productReference = B56959D91CE57CA000AA60A9 /* QQLLiveCommentViewUITests.xctest */;
			productType = "com.apple.product-type.bundle.ui-testing";
		};
/* End PBXNativeTarget section */

/* Begin PBXProject section */
		B56959AD1CE57CA000AA60A9 /* Project object */ = {
			isa = PBXProject;
			attributes = {
				LastUpgradeCheck = 0730;
				ORGANIZATIONNAME = "卢政";
				TargetAttributes = {
					B56959B41CE57CA000AA60A9 = {
						CreatedOnToolsVersion = 7.3;
					};
					B56959CD1CE57CA000AA60A9 = {
						CreatedOnToolsVersion = 7.3;
						TestTargetID = B56959B41CE57CA000AA60A9;
					};
					B56959D81CE57CA000AA60A9 = {
						CreatedOnToolsVersion = 7.3;
						TestTargetID = B56959B41CE57CA000AA60A9;
					};
				};
			};
			buildConfigurationList = B56959B01CE57CA000AA60A9 /* Build configuration list for PBXProject "QQLLiveCommentView" */;
			compatibilityVersion = "Xcode 3.2";
			developmentRegion = English;
			hasScannedForEncodings = 0;
			knownRegions = (
				en,
				Base,
			);
			mainGroup = B56959AC1CE57CA000AA60A9;
			productRefGroup = B56959B61CE57CA000AA60A9 /* Products */;
			projectDirPath = "";
			projectRoot = "";
			targets = (
				B56959B41CE57CA000AA60A9 /* QQLLiveCommentView */,
				B56959CD1CE57CA000AA60A9 /* QQLLiveCommentViewTests */,
				B56959D81CE57CA000AA60A9 /* QQLLiveCommentViewUITests */,
			);
		};
/* End PBXProject section */

/* Begin PBXResourcesBuildPhase section */
		B56959B31CE57CA000AA60A9 /* Resources */ = {
			isa = PBXResourcesBuildPhase;
			buildActionMask = 2147483647;
			files = (
				B56959C81CE57CA000AA60A9 /* LaunchScreen.storyboard in Resources */,
				B56959C51CE57CA000AA60A9 /* Assets.xcassets in Resources */,
				B56959C31CE57CA000AA60A9 /* Main.storyboard in Resources */,
				B56959F91CE5A14900AA60A9 /* twitterProfile.jpeg in Resources */,
			);
			runOnlyForDeploymentPostprocessing = 0;
		};
		B56959CC1CE57CA000AA60A9 /* Resources */ = {
			isa = PBXResourcesBuildPhase;
			buildActionMask = 2147483647;
			files = (
			);
			runOnlyForDeploymentPostprocessing = 0;
		};
		B56959D71CE57CA000AA60A9 /* Resources */ = {
			isa = PBXResourcesBuildPhase;
			buildActionMask = 2147483647;
			files = (
			);
			runOnlyForDeploymentPostprocessing = 0;
		};
/* End PBXResourcesBuildPhase section */

/* Begin PBXShellScriptBuildPhase section */
		1B9A18AEFCDF801DCCBD1648 /* 📦 Copy Pods Resources */ = {
			isa = PBXShellScriptBuildPhase;
			buildActionMask = 2147483647;
			files = (
			);
			inputPaths = (
			);
			name = "📦 Copy Pods Resources";
			outputPaths = (
			);
			runOnlyForDeploymentPostprocessing = 0;
			shellPath = /bin/sh;
			shellScript = "\"${SRCROOT}/Pods/Target Support Files/Pods-QQLLiveCommentView/Pods-QQLLiveCommentView-resources.sh\"\n";
			showEnvVarsInLog = 0;
		};
		46A9121E1B04B06824452AC7 /* 📦 Check Pods Manifest.lock */ = {
			isa = PBXShellScriptBuildPhase;
			buildActionMask = 2147483647;
			files = (
			);
			inputPaths = (
			);
			name = "📦 Check Pods Manifest.lock";
			outputPaths = (
			);
			runOnlyForDeploymentPostprocessing = 0;
			shellPath = /bin/sh;
			shellScript = "diff \"${PODS_ROOT}/../Podfile.lock\" \"${PODS_ROOT}/Manifest.lock\" > /dev/null\nif [[ $? != 0 ]] ; then\n    cat << EOM\nerror: The sandbox is not in sync with the Podfile.lock. Run 'pod install' or update your CocoaPods installation.\nEOM\n    exit 1\nfi\n";
			showEnvVarsInLog = 0;
		};
		5443B61841B7A3A555D8D011 /* 📦 Embed Pods Frameworks */ = {
			isa = PBXShellScriptBuildPhase;
			buildActionMask = 2147483647;
			files = (
			);
			inputPaths = (
			);
			name = "📦 Embed Pods Frameworks";
			outputPaths = (
			);
			runOnlyForDeploymentPostprocessing = 0;
			shellPath = /bin/sh;
			shellScript = "\"${SRCROOT}/Pods/Target Support Files/Pods-QQLLiveCommentViewTests/Pods-QQLLiveCommentViewTests-frameworks.sh\"\n";
			showEnvVarsInLog = 0;
		};
		7A76413261D7B5DB8D340603 /* 📦 Embed Pods Frameworks */ = {
			isa = PBXShellScriptBuildPhase;
			buildActionMask = 2147483647;
			files = (
			);
			inputPaths = (
			);
			name = "📦 Embed Pods Frameworks";
			outputPaths = (
			);
			runOnlyForDeploymentPostprocessing = 0;
			shellPath = /bin/sh;
			shellScript = "\"${SRCROOT}/Pods/Target Support Files/Pods-QQLLiveCommentView/Pods-QQLLiveCommentView-frameworks.sh\"\n";
			showEnvVarsInLog = 0;
		};
		97811BC865FF7F57D04F963A /* 📦 Check Pods Manifest.lock */ = {
			isa = PBXShellScriptBuildPhase;
			buildActionMask = 2147483647;
			files = (
			);
			inputPaths = (
			);
			name = "📦 Check Pods Manifest.lock";
			outputPaths = (
			);
			runOnlyForDeploymentPostprocessing = 0;
			shellPath = /bin/sh;
			shellScript = "diff \"${PODS_ROOT}/../Podfile.lock\" \"${PODS_ROOT}/Manifest.lock\" > /dev/null\nif [[ $? != 0 ]] ; then\n    cat << EOM\nerror: The sandbox is not in sync with the Podfile.lock. Run 'pod install' or update your CocoaPods installation.\nEOM\n    exit 1\nfi\n";
			showEnvVarsInLog = 0;
		};
		B0DDFFC58B2AA6D85DF7E07B /* 📦 Copy Pods Resources */ = {
			isa = PBXShellScriptBuildPhase;
			buildActionMask = 2147483647;
			files = (
			);
			inputPaths = (
			);
			name = "📦 Copy Pods Resources";
			outputPaths = (
			);
			runOnlyForDeploymentPostprocessing = 0;
			shellPath = /bin/sh;
			shellScript = "\"${SRCROOT}/Pods/Target Support Files/Pods-QQLLiveCommentViewUITests/Pods-QQLLiveCommentViewUITests-resources.sh\"\n";
			showEnvVarsInLog = 0;
		};
		C812B72C560205B8AF9AD3DA /* 📦 Check Pods Manifest.lock */ = {
			isa = PBXShellScriptBuildPhase;
			buildActionMask = 2147483647;
			files = (
			);
			inputPaths = (
			);
			name = "📦 Check Pods Manifest.lock";
			outputPaths = (
			);
			runOnlyForDeploymentPostprocessing = 0;
			shellPath = /bin/sh;
			shellScript = "diff \"${PODS_ROOT}/../Podfile.lock\" \"${PODS_ROOT}/Manifest.lock\" > /dev/null\nif [[ $? != 0 ]] ; then\n    cat << EOM\nerror: The sandbox is not in sync with the Podfile.lock. Run 'pod install' or update your CocoaPods installation.\nEOM\n    exit 1\nfi\n";
			showEnvVarsInLog = 0;
		};
		D877C1F4BA177D4CE2F592CB /* 📦 Copy Pods Resources */ = {
			isa = PBXShellScriptBuildPhase;
			buildActionMask = 2147483647;
			files = (
			);
			inputPaths = (
			);
			name = "📦 Copy Pods Resources";
			outputPaths = (
			);
			runOnlyForDeploymentPostprocessing = 0;
			shellPath = /bin/sh;
			shellScript = "\"${SRCROOT}/Pods/Target Support Files/Pods-QQLLiveCommentViewTests/Pods-QQLLiveCommentViewTests-resources.sh\"\n";
			showEnvVarsInLog = 0;
		};
/* End PBXShellScriptBuildPhase section */

/* Begin PBXSourcesBuildPhase section */
		B56959B11CE57CA000AA60A9 /* Sources */ = {
			isa = PBXSourcesBuildPhase;
			buildActionMask = 2147483647;
			files = (
				B56959C01CE57CA000AA60A9 /* ViewController.m in Sources */,
				B56959BD1CE57CA000AA60A9 /* AppDelegate.m in Sources */,
				B56959BA1CE57CA000AA60A9 /* main.m in Sources */,
			);
			runOnlyForDeploymentPostprocessing = 0;
		};
		B56959CA1CE57CA000AA60A9 /* Sources */ = {
			isa = PBXSourcesBuildPhase;
			buildActionMask = 2147483647;
			files = (
				B56959D31CE57CA000AA60A9 /* QQLLiveCommentViewTests.m in Sources */,
			);
			runOnlyForDeploymentPostprocessing = 0;
		};
		B56959D51CE57CA000AA60A9 /* Sources */ = {
			isa = PBXSourcesBuildPhase;
			buildActionMask = 2147483647;
			files = (
				B56959DE1CE57CA000AA60A9 /* QQLLiveCommentViewUITests.m in Sources */,
			);
			runOnlyForDeploymentPostprocessing = 0;
		};
/* End PBXSourcesBuildPhase section */

/* Begin PBXTargetDependency section */
		B56959D01CE57CA000AA60A9 /* PBXTargetDependency */ = {
			isa = PBXTargetDependency;
			target = B56959B41CE57CA000AA60A9 /* QQLLiveCommentView */;
			targetProxy = B56959CF1CE57CA000AA60A9 /* PBXContainerItemProxy */;
		};
		B56959DB1CE57CA000AA60A9 /* PBXTargetDependency */ = {
			isa = PBXTargetDependency;
			target = B56959B41CE57CA000AA60A9 /* QQLLiveCommentView */;
			targetProxy = B56959DA1CE57CA000AA60A9 /* PBXContainerItemProxy */;
		};
/* End PBXTargetDependency section */

/* Begin PBXVariantGroup section */
		B56959C11CE57CA000AA60A9 /* Main.storyboard */ = {
			isa = PBXVariantGroup;
			children = (
				B56959C21CE57CA000AA60A9 /* Base */,
			);
			name = Main.storyboard;
			sourceTree = "<group>";
		};
		B56959C61CE57CA000AA60A9 /* LaunchScreen.storyboard */ = {
			isa = PBXVariantGroup;
			children = (
				B56959C71CE57CA000AA60A9 /* Base */,
			);
			name = LaunchScreen.storyboard;
			sourceTree = "<group>";
		};
/* End PBXVariantGroup section */

/* Begin XCBuildConfiguration section */
		B56959E01CE57CA000AA60A9 /* Debug */ = {
			isa = XCBuildConfiguration;
			buildSettings = {
				ALWAYS_SEARCH_USER_PATHS = NO;
				CLANG_ANALYZER_NONNULL = YES;
				CLANG_CXX_LANGUAGE_STANDARD = "gnu++0x";
				CLANG_CXX_LIBRARY = "libc++";
				CLANG_ENABLE_MODULES = YES;
				CLANG_ENABLE_OBJC_ARC = YES;
				CLANG_WARN_BOOL_CONVERSION = YES;
				CLANG_WARN_CONSTANT_CONVERSION = YES;
				CLANG_WARN_DIRECT_OBJC_ISA_USAGE = YES_ERROR;
				CLANG_WARN_EMPTY_BODY = YES;
				CLANG_WARN_ENUM_CONVERSION = YES;
				CLANG_WARN_INT_CONVERSION = YES;
				CLANG_WARN_OBJC_ROOT_CLASS = YES_ERROR;
				CLANG_WARN_UNREACHABLE_CODE = YES;
				CLANG_WARN__DUPLICATE_METHOD_MATCH = YES;
				"CODE_SIGN_IDENTITY[sdk=iphoneos*]" = "iPhone Developer";
				COPY_PHASE_STRIP = NO;
				DEBUG_INFORMATION_FORMAT = dwarf;
				ENABLE_STRICT_OBJC_MSGSEND = YES;
				ENABLE_TESTABILITY = YES;
				GCC_C_LANGUAGE_STANDARD = gnu99;
				GCC_DYNAMIC_NO_PIC = NO;
				GCC_NO_COMMON_BLOCKS = YES;
				GCC_OPTIMIZATION_LEVEL = 0;
				GCC_PREPROCESSOR_DEFINITIONS = (
					"DEBUG=1",
					"$(inherited)",
				);
				GCC_WARN_64_TO_32_BIT_CONVERSION = YES;
				GCC_WARN_ABOUT_RETURN_TYPE = YES_ERROR;
				GCC_WARN_UNDECLARED_SELECTOR = YES;
				GCC_WARN_UNINITIALIZED_AUTOS = YES_AGGRESSIVE;
				GCC_WARN_UNUSED_FUNCTION = YES;
				GCC_WARN_UNUSED_VARIABLE = YES;
				IPHONEOS_DEPLOYMENT_TARGET = 9.3;
				MTL_ENABLE_DEBUG_INFO = YES;
				ONLY_ACTIVE_ARCH = YES;
				SDKROOT = iphoneos;
			};
			name = Debug;
		};
		B56959E11CE57CA000AA60A9 /* Release */ = {
			isa = XCBuildConfiguration;
			buildSettings = {
				ALWAYS_SEARCH_USER_PATHS = NO;
				CLANG_ANALYZER_NONNULL = YES;
				CLANG_CXX_LANGUAGE_STANDARD = "gnu++0x";
				CLANG_CXX_LIBRARY = "libc++";
				CLANG_ENABLE_MODULES = YES;
				CLANG_ENABLE_OBJC_ARC = YES;
				CLANG_WARN_BOOL_CONVERSION = YES;
				CLANG_WARN_CONSTANT_CONVERSION = YES;
				CLANG_WARN_DIRECT_OBJC_ISA_USAGE = YES_ERROR;
				CLANG_WARN_EMPTY_BODY = YES;
				CLANG_WARN_ENUM_CONVERSION = YES;
				CLANG_WARN_INT_CONVERSION = YES;
				CLANG_WARN_OBJC_ROOT_CLASS = YES_ERROR;
				CLANG_WARN_UNREACHABLE_CODE = YES;
				CLANG_WARN__DUPLICATE_METHOD_MATCH = YES;
				"CODE_SIGN_IDENTITY[sdk=iphoneos*]" = "iPhone Developer";
				COPY_PHASE_STRIP = NO;
				DEBUG_INFORMATION_FORMAT = "dwarf-with-dsym";
				ENABLE_NS_ASSERTIONS = NO;
				ENABLE_STRICT_OBJC_MSGSEND = YES;
				GCC_C_LANGUAGE_STANDARD = gnu99;
				GCC_NO_COMMON_BLOCKS = YES;
				GCC_WARN_64_TO_32_BIT_CONVERSION = YES;
				GCC_WARN_ABOUT_RETURN_TYPE = YES_ERROR;
				GCC_WARN_UNDECLARED_SELECTOR = YES;
				GCC_WARN_UNINITIALIZED_AUTOS = YES_AGGRESSIVE;
				GCC_WARN_UNUSED_FUNCTION = YES;
				GCC_WARN_UNUSED_VARIABLE = YES;
				IPHONEOS_DEPLOYMENT_TARGET = 9.3;
				MTL_ENABLE_DEBUG_INFO = NO;
				SDKROOT = iphoneos;
				VALIDATE_PRODUCT = YES;
			};
			name = Release;
		};
		B56959E31CE57CA000AA60A9 /* Debug */ = {
			isa = XCBuildConfiguration;
			baseConfigurationReference = FF87E3177E603A6D6576F227 /* Pods-QQLLiveCommentView.debug.xcconfig */;
			buildSettings = {
				ASSETCATALOG_COMPILER_APPICON_NAME = AppIcon;
				CLANG_ENABLE_OBJC_WEAK = YES;
				INFOPLIST_FILE = QQLLiveCommentView/Info.plist;
				LD_RUNPATH_SEARCH_PATHS = "$(inherited) @executable_path/Frameworks";
				PRODUCT_BUNDLE_IDENTIFIER = com.luzheng1208.QQLLiveCommentView;
				PRODUCT_NAME = "$(TARGET_NAME)";
			};
			name = Debug;
		};
		B56959E41CE57CA000AA60A9 /* Release */ = {
			isa = XCBuildConfiguration;
			baseConfigurationReference = D7A7645B6B15F7076345876A /* Pods-QQLLiveCommentView.release.xcconfig */;
			buildSettings = {
				ASSETCATALOG_COMPILER_APPICON_NAME = AppIcon;
				CLANG_ENABLE_OBJC_WEAK = YES;
				INFOPLIST_FILE = QQLLiveCommentView/Info.plist;
				LD_RUNPATH_SEARCH_PATHS = "$(inherited) @executable_path/Frameworks";
				PRODUCT_BUNDLE_IDENTIFIER = com.luzheng1208.QQLLiveCommentView;
				PRODUCT_NAME = "$(TARGET_NAME)";
			};
			name = Release;
		};
		B56959E61CE57CA000AA60A9 /* Debug */ = {
			isa = XCBuildConfiguration;
			baseConfigurationReference = 1EE4526756B8CCCF8BA1288D /* Pods-QQLLiveCommentViewTests.debug.xcconfig */;
			buildSettings = {
				BUNDLE_LOADER = "$(TEST_HOST)";
				INFOPLIST_FILE = QQLLiveCommentViewTests/Info.plist;
				LD_RUNPATH_SEARCH_PATHS = "$(inherited) @executable_path/Frameworks @loader_path/Frameworks";
				PRODUCT_BUNDLE_IDENTIFIER = com.luzheng1208.QQLLiveCommentViewTests;
				PRODUCT_NAME = "$(TARGET_NAME)";
				TEST_HOST = "$(BUILT_PRODUCTS_DIR)/QQLLiveCommentView.app/QQLLiveCommentView";
			};
			name = Debug;
		};
		B56959E71CE57CA000AA60A9 /* Release */ = {
			isa = XCBuildConfiguration;
			baseConfigurationReference = 51B604A4CC50BFD0761AB345 /* Pods-QQLLiveCommentViewTests.release.xcconfig */;
			buildSettings = {
				BUNDLE_LOADER = "$(TEST_HOST)";
				INFOPLIST_FILE = QQLLiveCommentViewTests/Info.plist;
				LD_RUNPATH_SEARCH_PATHS = "$(inherited) @executable_path/Frameworks @loader_path/Frameworks";
				PRODUCT_BUNDLE_IDENTIFIER = com.luzheng1208.QQLLiveCommentViewTests;
				PRODUCT_NAME = "$(TARGET_NAME)";
				TEST_HOST = "$(BUILT_PRODUCTS_DIR)/QQLLiveCommentView.app/QQLLiveCommentView";
			};
			name = Release;
		};
		B56959E91CE57CA000AA60A9 /* Debug */ = {
			isa = XCBuildConfiguration;
			baseConfigurationReference = BD80E7A55F751AAA8D176719 /* Pods-QQLLiveCommentViewUITests.debug.xcconfig */;
			buildSettings = {
				INFOPLIST_FILE = QQLLiveCommentViewUITests/Info.plist;
				LD_RUNPATH_SEARCH_PATHS = "$(inherited) @executable_path/Frameworks @loader_path/Frameworks";
				PRODUCT_BUNDLE_IDENTIFIER = com.luzheng1208.QQLLiveCommentViewUITests;
				PRODUCT_NAME = "$(TARGET_NAME)";
				TEST_TARGET_NAME = QQLLiveCommentView;
			};
			name = Debug;
		};
		B56959EA1CE57CA000AA60A9 /* Release */ = {
			isa = XCBuildConfiguration;
			baseConfigurationReference = 42EEFCCEF6AC19781372013C /* Pods-QQLLiveCommentViewUITests.release.xcconfig */;
			buildSettings = {
				INFOPLIST_FILE = QQLLiveCommentViewUITests/Info.plist;
				LD_RUNPATH_SEARCH_PATHS = "$(inherited) @executable_path/Frameworks @loader_path/Frameworks";
				PRODUCT_BUNDLE_IDENTIFIER = com.luzheng1208.QQLLiveCommentViewUITests;
				PRODUCT_NAME = "$(TARGET_NAME)";
				TEST_TARGET_NAME = QQLLiveCommentView;
			};
			name = Release;
		};
/* End XCBuildConfiguration section */

/* Begin XCConfigurationList section */
		B56959B01CE57CA000AA60A9 /* Build configuration list for PBXProject "QQLLiveCommentView" */ = {
			isa = XCConfigurationList;
			buildConfigurations = (
				B56959E01CE57CA000AA60A9 /* Debug */,
				B56959E11CE57CA000AA60A9 /* Release */,
			);
			defaultConfigurationIsVisible = 0;
			defaultConfigurationName = Release;
		};
		B56959E21CE57CA000AA60A9 /* Build configuration list for PBXNativeTarget "QQLLiveCommentView" */ = {
			isa = XCConfigurationList;
			buildConfigurations = (
				B56959E31CE57CA000AA60A9 /* Debug */,
				B56959E41CE57CA000AA60A9 /* Release */,
			);
			defaultConfigurationIsVisible = 0;
			defaultConfigurationName = Release;
		};
		B56959E51CE57CA000AA60A9 /* Build configuration list for PBXNativeTarget "QQLLiveCommentViewTests" */ = {
			isa = XCConfigurationList;
			buildConfigurations = (
				B56959E61CE57CA000AA60A9 /* Debug */,
				B56959E71CE57CA000AA60A9 /* Release */,
			);
			defaultConfigurationIsVisible = 0;
			defaultConfigurationName = Release;
		};
		B56959E81CE57CA000AA60A9 /* Build configuration list for PBXNativeTarget "QQLLiveCommentViewUITests" */ = {
			isa = XCConfigurationList;
			buildConfigurations = (
				B56959E91CE57CA000AA60A9 /* Debug */,
				B56959EA1CE57CA000AA60A9 /* Release */,
			);
			defaultConfigurationIsVisible = 0;
			defaultConfigurationName = Release;
		};
/* End XCConfigurationList section */
	};
	rootObject = B56959AD1CE57CA000AA60A9 /* Project object */;
}
